
Microsoft Visual Studio Solution File, Format Version 12.00
Project("{FAE04EC0-301F-11D3-BF4B-00C04F79EFBC}") = "cw10", "cw10\cw10.csproj", "{F434838B-0892-4020-9B56-565F69C12895}"
EndProject
Global
	GlobalSection(SolutionConfigurationPlatforms) = preSolution
		Debug|Any CPU = Debug|Any CPU
		Release|Any CPU = Release|Any CPU
	EndGlobalSection
	GlobalSection(ProjectConfigurationPlatforms) = postSolution
		{F434838B-0892-4020-9B56-565F69C12895}.Debug|Any CPU.ActiveCfg = Debug|Any CPU
		{F434838B-0892-4020-9B56-565F69C12895}.Debug|Any CPU.Build.0 = Debug|Any CPU
		{F434838B-0892-4020-9B56-565F69C12895}.Release|Any CPU.ActiveCfg = Release|Any CPU
		{F434838B-0892-4020-9B56-565F69C12895}.Release|Any CPU.Build.0 = Release|Any CPU
	EndGlobalSection
EndGlobal
